
Microsoft Visual Studio Solution File, Format Version 12.00
# Visual Studio 15
VisualStudioVersion = 15.0.28010.2046
MinimumVisualStudioVersion = 10.0.40219.1
Project("{9A19103F-16F7-4668-BE54-9A1E7A4F7556}") = "DiscordCore", "DiscordCore\DiscordCore.csproj", "{E250EC0F-5F6C-4F05-828B-44D46444ADE6}"
EndProject
Project("{9A19103F-16F7-4668-BE54-9A1E7A4F7556}") = "DiscordCore.Configuration", "DiscordCore.Configuration\DiscordCore.Configuration.csproj", "{8B928A02-514E-4395-B145-0A7816D209B8}"
EndProject
Project("{9A19103F-16F7-4668-BE54-9A1E7A4F7556}") = "DiscordCore.Plugin.Example", "DiscordCore.Plugin.Example\DiscordCore.Plugin.Example.csproj", "{37660A3A-4DDB-49E4-AB74-D58E4DE4AC7C}"
EndProject
Project("{9A19103F-16F7-4668-BE54-9A1E7A4F7556}") = "DiscordCore.Tests", "DiscordCore.Tests\DiscordCore.Tests.csproj", "{EC6C875B-EF4B-43FF-B378-C164DC2F8A2C}"
EndProject
Global
	GlobalSection(SolutionConfigurationPlatforms) = preSolution
		Debug|Any CPU = Debug|Any CPU
		Release|Any CPU = Release|Any CPU
	EndGlobalSection
	GlobalSection(ProjectConfigurationPlatforms) = postSolution
		{E250EC0F-5F6C-4F05-828B-44D46444ADE6}.Debug|Any CPU.ActiveCfg = Debug|Any CPU
		{E250EC0F-5F6C-4F05-828B-44D46444ADE6}.Debug|Any CPU.Build.0 = Debug|Any CPU
		{E250EC0F-5F6C-4F05-828B-44D46444ADE6}.Release|Any CPU.ActiveCfg = Release|Any CPU
		{E250EC0F-5F6C-4F05-828B-44D46444ADE6}.Release|Any CPU.Build.0 = Release|Any CPU
		{8B928A02-514E-4395-B145-0A7816D209B8}.Debug|Any CPU.ActiveCfg = Debug|Any CPU
		{8B928A02-514E-4395-B145-0A7816D209B8}.Debug|Any CPU.Build.0 = Debug|Any CPU
		{8B928A02-514E-4395-B145-0A7816D209B8}.Release|Any CPU.ActiveCfg = Release|Any CPU
		{8B928A02-514E-4395-B145-0A7816D209B8}.Release|Any CPU.Build.0 = Release|Any CPU
		{37660A3A-4DDB-49E4-AB74-D58E4DE4AC7C}.Debug|Any CPU.ActiveCfg = Debug|Any CPU
		{37660A3A-4DDB-49E4-AB74-D58E4DE4AC7C}.Debug|Any CPU.Build.0 = Debug|Any CPU
		{37660A3A-4DDB-49E4-AB74-D58E4DE4AC7C}.Release|Any CPU.ActiveCfg = Release|Any CPU
		{37660A3A-4DDB-49E4-AB74-D58E4DE4AC7C}.Release|Any CPU.Build.0 = Release|Any CPU
		{EC6C875B-EF4B-43FF-B378-C164DC2F8A2C}.Debug|Any CPU.ActiveCfg = Debug|Any CPU
		{EC6C875B-EF4B-43FF-B378-C164DC2F8A2C}.Debug|Any CPU.Build.0 = Debug|Any CPU
		{EC6C875B-EF4B-43FF-B378-C164DC2F8A2C}.Release|Any CPU.ActiveCfg = Release|Any CPU
		{EC6C875B-EF4B-43FF-B378-C164DC2F8A2C}.Release|Any CPU.Build.0 = Release|Any CPU
	EndGlobalSection
	GlobalSection(SolutionProperties) = preSolution
		HideSolutionNode = FALSE
	EndGlobalSection
	GlobalSection(ExtensibilityGlobals) = postSolution
		SolutionGuid = {2E39F469-25B9-49DF-A24C-BDA9D0482123}
	EndGlobalSection
EndGlobal
